
Microsoft Visual Studio Solution File, Format Version 12.00
# Visual Studio Version 17
VisualStudioVersion = 17.5.002.0
MinimumVisualStudioVersion = 10.0.40219.1
Project("{FAE04EC0-301F-11D3-BF4B-00C04F79EFBC}") = "MazeGame", "MazeGame\MazeGame.csproj", "{796D65B6-7AFD-4129-BC71-BA286684DD0B}"
EndProject
Project("{FAE04EC0-301F-11D3-BF4B-00C04F79EFBC}") = "ShipRescue", "ShipRescue\ShipRescue.csproj", "{26F38559-A338-463A-A8DB-5E4F4996C20C}"
EndProject
Global
	GlobalSection(SolutionConfigurationPlatforms) = preSolution
		Debug|Any CPU = Debug|Any CPU
		Release|Any CPU = Release|Any CPU
	EndGlobalSection
	GlobalSection(ProjectConfigurationPlatforms) = postSolution
		{99979801-68B9-4521-8EAF-3AFD1442752F}.Debug|Any CPU.ActiveCfg = Debug|Any CPU
		{99979801-68B9-4521-8EAF-3AFD1442752F}.Debug|Any CPU.Build.0 = Debug|Any CPU
		{99979801-68B9-4521-8EAF-3AFD1442752F}.Release|Any CPU.ActiveCfg = Release|Any CPU
		{99979801-68B9-4521-8EAF-3AFD1442752F}.Release|Any CPU.Build.0 = Release|Any CPU
		{796D65B6-7AFD-4129-BC71-BA286684DD0B}.Debug|Any CPU.ActiveCfg = Debug|Any CPU
		{796D65B6-7AFD-4129-BC71-BA286684DD0B}.Debug|Any CPU.Build.0 = Debug|Any CPU
		{796D65B6-7AFD-4129-BC71-BA286684DD0B}.Release|Any CPU.ActiveCfg = Release|Any CPU
		{796D65B6-7AFD-4129-BC71-BA286684DD0B}.Release|Any CPU.Build.0 = Release|Any CPU
		{26F38559-A338-463A-A8DB-5E4F4996C20C}.Debug|Any CPU.ActiveCfg = Debug|Any CPU
		{26F38559-A338-463A-A8DB-5E4F4996C20C}.Debug|Any CPU.Build.0 = Debug|Any CPU
		{26F38559-A338-463A-A8DB-5E4F4996C20C}.Release|Any CPU.ActiveCfg = Release|Any CPU
		{26F38559-A338-463A-A8DB-5E4F4996C20C}.Release|Any CPU.Build.0 = Release|Any CPU
	EndGlobalSection
	GlobalSection(SolutionProperties) = preSolution
		HideSolutionNode = FALSE
	EndGlobalSection
	GlobalSection(ExtensibilityGlobals) = postSolution
		SolutionGuid = {E4829C93-5707-4466-B7A2-32214F578281}
	EndGlobalSection
EndGlobal
